// !$*UTF8*$!
{
	archiveVersion = 1;
	classes = {
	};
	objectVersion = 50;
	objects = {

/* Begin PBXBuildFile section */
		021E37772293098E0045D1CA /* AppDelegate.m in Sources */ = {isa = PBXBuildFile; fileRef = 021E37762293098E0045D1CA /* AppDelegate.m */; };
		021E377D2293098E0045D1CA /* Main.storyboard in Resources */ = {isa = PBXBuildFile; fileRef = 021E377B2293098E0045D1CA /* Main.storyboard */; };
		021E377F2293098F0045D1CA /* Assets.xcassets in Resources */ = {isa = PBXBuildFile; fileRef = 021E377E2293098F0045D1CA /* Assets.xcassets */; };
		021E37822293098F0045D1CA /* LaunchScreen.storyboard in Resources */ = {isa = PBXBuildFile; fileRef = 021E37802293098F0045D1CA /* LaunchScreen.storyboard */; };
		021E37852293098F0045D1CA /* main.m in Sources */ = {isa = PBXBuildFile; fileRef = 021E37842293098F0045D1CA /* main.m */; };
		021E378E22930BC90045D1CA /* SRHSong.m in Sources */ = {isa = PBXBuildFile; fileRef = 021E378D22930BC90045D1CA /* SRHSong.m */; };
		021E379122930C320045D1CA /* SRHPlaylist.m in Sources */ = {isa = PBXBuildFile; fileRef = 021E379022930C320045D1CA /* SRHPlaylist.m */; };
		021E3795229316B40045D1CA /* SRHPlaylistController.m in Sources */ = {isa = PBXBuildFile; fileRef = 021E3794229316B40045D1CA /* SRHPlaylistController.m */; };
		021E379A229322710045D1CA /* SRHPlaylistListTableViewController.m in Sources */ = {isa = PBXBuildFile; fileRef = 021E3799229322710045D1CA /* SRHPlaylistListTableViewController.m */; };
		021E379E22933A9B0045D1CA /* SRHDetailTableViewController.m in Sources */ = {isa = PBXBuildFile; fileRef = 021E379D22933A9B0045D1CA /* SRHDetailTableViewController.m */; };
/* End PBXBuildFile section */

/* Begin PBXFileReference section */
		021E37722293098E0045D1CA /* PlaylistC.app */ = {isa = PBXFileReference; explicitFileType = wrapper.application; includeInIndex = 0; path = PlaylistC.app; sourceTree = BUILT_PRODUCTS_DIR; };
		021E37752293098E0045D1CA /* AppDelegate.h */ = {isa = PBXFileReference; lastKnownFileType = sourcecode.c.h; path = AppDelegate.h; sourceTree = "<group>"; };
		021E37762293098E0045D1CA /* AppDelegate.m */ = {isa = PBXFileReference; lastKnownFileType = sourcecode.c.objc; path = AppDelegate.m; sourceTree = "<group>"; };
		021E377C2293098E0045D1CA /* Base */ = {isa = PBXFileReference; lastKnownFileType = file.storyboard; name = Base; path = Base.lproj/Main.storyboard; sourceTree = "<group>"; };
		021E377E2293098F0045D1CA /* Assets.xcassets */ = {isa = PBXFileReference; lastKnownFileType = folder.assetcatalog; path = Assets.xcassets; sourceTree = "<group>"; };
		021E37812293098F0045D1CA /* Base */ = {isa = PBXFileReference; lastKnownFileType = file.storyboard; name = Base; path = Base.lproj/LaunchScreen.storyboard; sourceTree = "<group>"; };
		021E37832293098F0045D1CA /* Info.plist */ = {isa = PBXFileReference; lastKnownFileType = text.plist.xml; path = Info.plist; sourceTree = "<group>"; };
		021E37842293098F0045D1CA /* main.m */ = {isa = PBXFileReference; lastKnownFileType = sourcecode.c.objc; path = main.m; sourceTree = "<group>"; };
		021E378C22930BC90045D1CA /* SRHSong.h */ = {isa = PBXFileReference; lastKnownFileType = sourcecode.c.h; path = SRHSong.h; sourceTree = "<group>"; };
		021E378D22930BC90045D1CA /* SRHSong.m */ = {isa = PBXFileReference; lastKnownFileType = sourcecode.c.objc; path = SRHSong.m; sourceTree = "<group>"; };
		021E378F22930C320045D1CA /* SRHPlaylist.h */ = {isa = PBXFileReference; lastKnownFileType = sourcecode.c.h; path = SRHPlaylist.h; sourceTree = "<group>"; };
		021E379022930C320045D1CA /* SRHPlaylist.m */ = {isa = PBXFileReference; lastKnownFileType = sourcecode.c.objc; path = SRHPlaylist.m; sourceTree = "<group>"; };
		021E3793229316B40045D1CA /* SRHPlaylistController.h */ = {isa = PBXFileReference; lastKnownFileType = sourcecode.c.h; path = SRHPlaylistController.h; sourceTree = "<group>"; };
		021E3794229316B40045D1CA /* SRHPlaylistController.m */ = {isa = PBXFileReference; lastKnownFileType = sourcecode.c.objc; path = SRHPlaylistController.m; sourceTree = "<group>"; };
		021E3798229322710045D1CA /* SRHPlaylistListTableViewController.h */ = {isa = PBXFileReference; lastKnownFileType = sourcecode.c.h; path = SRHPlaylistListTableViewController.h; sourceTree = "<group>"; };
		021E3799229322710045D1CA /* SRHPlaylistListTableViewController.m */ = {isa = PBXFileReference; lastKnownFileType = sourcecode.c.objc; path = SRHPlaylistListTableViewController.m; sourceTree = "<group>"; };
		021E379C22933A9B0045D1CA /* SRHDetailTableViewController.h */ = {isa = PBXFileReference; lastKnownFileType = sourcecode.c.h; path = SRHDetailTableViewController.h; sourceTree = "<group>"; };
		021E379D22933A9B0045D1CA /* SRHDetailTableViewController.m */ = {isa = PBXFileReference; lastKnownFileType = sourcecode.c.objc; path = SRHDetailTableViewController.m; sourceTree = "<group>"; };
/* End PBXFileReference section */

/* Begin PBXFrameworksBuildPhase section */
		021E376F2293098E0045D1CA /* Frameworks */ = {
			isa = PBXFrameworksBuildPhase;
			buildActionMask = 2147483647;
			files = (
			);
			runOnlyForDeploymentPostprocessing = 0;
		};
/* End PBXFrameworksBuildPhase section */

/* Begin PBXGroup section */
		021E37692293098E0045D1CA = {
			isa = PBXGroup;
			children = (
				021E37742293098E0045D1CA /* PlaylistC */,
				021E37732293098E0045D1CA /* Products */,
			);
			sourceTree = "<group>";
		};
		021E37732293098E0045D1CA /* Products */ = {
			isa = PBXGroup;
			children = (
				021E37722293098E0045D1CA /* PlaylistC.app */,
			);
			name = Products;
			sourceTree = "<group>";
		};
		021E37742293098E0045D1CA /* PlaylistC */ = {
			isa = PBXGroup;
			children = (
				021E377B2293098E0045D1CA /* Main.storyboard */,
				021E3796229316BC0045D1CA /* Controllers */,
				021E379222930C3D0045D1CA /* Models */,
				021E378B22930A9A0045D1CA /* Resources */,
			);
			path = PlaylistC;
			sourceTree = "<group>";
		};
		021E378B22930A9A0045D1CA /* Resources */ = {
			isa = PBXGroup;
			children = (
				021E37752293098E0045D1CA /* AppDelegate.h */,
				021E37762293098E0045D1CA /* AppDelegate.m */,
				021E377E2293098F0045D1CA /* Assets.xcassets */,
				021E37802293098F0045D1CA /* LaunchScreen.storyboard */,
				021E37832293098F0045D1CA /* Info.plist */,
				021E37842293098F0045D1CA /* main.m */,
			);
			path = Resources;
			sourceTree = "<group>";
		};
		021E379222930C3D0045D1CA /* Models */ = {
			isa = PBXGroup;
			children = (
				021E378F22930C320045D1CA /* SRHPlaylist.h */,
				021E379022930C320045D1CA /* SRHPlaylist.m */,
				021E378C22930BC90045D1CA /* SRHSong.h */,
				021E378D22930BC90045D1CA /* SRHSong.m */,
			);
			path = Models;
			sourceTree = "<group>";
		};
		021E3796229316BC0045D1CA /* Controllers */ = {
			isa = PBXGroup;
			children = (
				021E37972293223A0045D1CA /* ModelControllers */,
				021E379B229322830045D1CA /* ViewControllers */,
			);
			path = Controllers;
			sourceTree = "<group>";
		};
		021E37972293223A0045D1CA /* ModelControllers */ = {
			isa = PBXGroup;
			children = (
				021E3793229316B40045D1CA /* SRHPlaylistController.h */,
				021E3794229316B40045D1CA /* SRHPlaylistController.m */,
			);
			path = ModelControllers;
			sourceTree = "<group>";
		};
		021E379B229322830045D1CA /* ViewControllers */ = {
			isa = PBXGroup;
			children = (
				021E379C22933A9B0045D1CA /* SRHDetailTableViewController.h */,
				021E379D22933A9B0045D1CA /* SRHDetailTableViewController.m */,
				021E3798229322710045D1CA /* SRHPlaylistListTableViewController.h */,
				021E3799229322710045D1CA /* SRHPlaylistListTableViewController.m */,
			);
			path = ViewControllers;
			sourceTree = "<group>";
		};
/* End PBXGroup section */

/* Begin PBXNativeTarget section */
		021E37712293098E0045D1CA /* PlaylistC */ = {
			isa = PBXNativeTarget;
			buildConfigurationList = 021E37882293098F0045D1CA /* Build configuration list for PBXNativeTarget "PlaylistC" */;
			buildPhases = (
				021E376E2293098E0045D1CA /* Sources */,
				021E376F2293098E0045D1CA /* Frameworks */,
				021E37702293098E0045D1CA /* Resources */,
			);
			buildRules = (
			);
			dependencies = (
			);
			name = PlaylistC;
			productName = PlaylistC;
			productReference = 021E37722293098E0045D1CA /* PlaylistC.app */;
			productType = "com.apple.product-type.application";
		};
/* End PBXNativeTarget section */

/* Begin PBXProject section */
		021E376A2293098E0045D1CA /* Project object */ = {
			isa = PBXProject;
			attributes = {
				CLASSPREFIX = SRH;
				LastUpgradeCheck = 1020;
				ORGANIZATIONNAME = "Bobba Kadush";
				TargetAttributes = {
					021E37712293098E0045D1CA = {
						CreatedOnToolsVersion = 10.2.1;
					};
				};
			};
			buildConfigurationList = 021E376D2293098E0045D1CA /* Build configuration list for PBXProject "PlaylistC" */;
			compatibilityVersion = "Xcode 9.3";
			developmentRegion = en;
			hasScannedForEncodings = 0;
			knownRegions = (
				en,
				Base,
			);
			mainGroup = 021E37692293098E0045D1CA;
			productRefGroup = 021E37732293098E0045D1CA /* Products */;
			projectDirPath = "";
			projectRoot = "";
			targets = (
				021E37712293098E0045D1CA /* PlaylistC */,
			);
		};
/* End PBXProject section */

/* Begin PBXResourcesBuildPhase section */
		021E37702293098E0045D1CA /* Resources */ = {
			isa = PBXResourcesBuildPhase;
			buildActionMask = 2147483647;
			files = (
				021E37822293098F0045D1CA /* LaunchScreen.storyboard in Resources */,
				021E377F2293098F0045D1CA /* Assets.xcassets in Resources */,
				021E377D2293098E0045D1CA /* Main.storyboard in Resources */,
			);
			runOnlyForDeploymentPostprocessing = 0;
		};
/* End PBXResourcesBuildPhase section */

/* Begin PBXSourcesBuildPhase section */
		021E376E2293098E0045D1CA /* Sources */ = {
			isa = PBXSourcesBuildPhase;
			buildActionMask = 2147483647;
			files = (
				021E378E22930BC90045D1CA /* SRHSong.m in Sources */,
				021E37852293098F0045D1CA /* main.m in Sources */,
				021E3795229316B40045D1CA /* SRHPlaylistController.m in Sources */,
				021E379A229322710045D1CA /* SRHPlaylistListTableViewController.m in Sources */,
				021E37772293098E0045D1CA /* AppDelegate.m in Sources */,
				021E379E22933A9B0045D1CA /* SRHDetailTableViewController.m in Sources */,
				021E379122930C320045D1CA /* SRHPlaylist.m in Sources */,
			);
			runOnlyForDeploymentPostprocessing = 0;
		};
/* End PBXSourcesBuildPhase section */

/* Begin PBXVariantGroup section */
		021E377B2293098E0045D1CA /* Main.storyboard */ = {
			isa = PBXVariantGroup;
			children = (
				021E377C2293098E0045D1CA /* Base */,
			);
			name = Main.storyboard;
			sourceTree = "<group>";
		};
		021E37802293098F0045D1CA /* LaunchScreen.storyboard */ = {
			isa = PBXVariantGroup;
			children = (
				021E37812293098F0045D1CA /* Base */,
			);
			name = LaunchScreen.storyboard;
			sourceTree = "<group>";
		};
/* End PBXVariantGroup section */

/* Begin XCBuildConfiguration section */
		021E37862293098F0045D1CA /* Debug */ = {
			isa = XCBuildConfiguration;
			buildSettings = {
				ALWAYS_SEARCH_USER_PATHS = NO;
				CLANG_ANALYZER_NONNULL = YES;
				CLANG_ANALYZER_NUMBER_OBJECT_CONVERSION = YES_AGGRESSIVE;
				CLANG_CXX_LANGUAGE_STANDARD = "gnu++14";
				CLANG_CXX_LIBRARY = "libc++";
				CLANG_ENABLE_MODULES = YES;
				CLANG_ENABLE_OBJC_ARC = YES;
				CLANG_ENABLE_OBJC_WEAK = YES;
				CLANG_WARN_BLOCK_CAPTURE_AUTORELEASING = YES;
				CLANG_WARN_BOOL_CONVERSION = YES;
				CLANG_WARN_COMMA = YES;
				CLANG_WARN_CONSTANT_CONVERSION = YES;
				CLANG_WARN_DEPRECATED_OBJC_IMPLEMENTATIONS = YES;
				CLANG_WARN_DIRECT_OBJC_ISA_USAGE = YES_ERROR;
				CLANG_WARN_DOCUMENTATION_COMMENTS = YES;
				CLANG_WARN_EMPTY_BODY = YES;
				CLANG_WARN_ENUM_CONVERSION = YES;
				CLANG_WARN_INFINITE_RECURSION = YES;
				CLANG_WARN_INT_CONVERSION = YES;
				CLANG_WARN_NON_LITERAL_NULL_CONVERSION = YES;
				CLANG_WARN_OBJC_IMPLICIT_RETAIN_SELF = YES;
				CLANG_WARN_OBJC_LITERAL_CONVERSION = YES;
				CLANG_WARN_OBJC_ROOT_CLASS = YES_ERROR;
				CLANG_WARN_RANGE_LOOP_ANALYSIS = YES;
				CLANG_WARN_STRICT_PROTOTYPES = YES;
				CLANG_WARN_SUSPICIOUS_MOVE = YES;
				CLANG_WARN_UNGUARDED_AVAILABILITY = YES_AGGRESSIVE;
				CLANG_WARN_UNREACHABLE_CODE = YES;
				CLANG_WARN__DUPLICATE_METHOD_MATCH = YES;
				CODE_SIGN_IDENTITY = "iPhone Developer";
				COPY_PHASE_STRIP = NO;
				DEBUG_INFORMATION_FORMAT = dwarf;
				ENABLE_STRICT_OBJC_MSGSEND = YES;
				ENABLE_TESTABILITY = YES;
				GCC_C_LANGUAGE_STANDARD = gnu11;
				GCC_DYNAMIC_NO_PIC = NO;
				GCC_NO_COMMON_BLOCKS = YES;
				GCC_OPTIMIZATION_LEVEL = 0;
				GCC_PREPROCESSOR_DEFINITIONS = (
					"DEBUG=1",
					"$(inherited)",
				);
				GCC_WARN_64_TO_32_BIT_CONVERSION = YES;
				GCC_WARN_ABOUT_RETURN_TYPE = YES_ERROR;
				GCC_WARN_UNDECLARED_SELECTOR = YES;
				GCC_WARN_UNINITIALIZED_AUTOS = YES_AGGRESSIVE;
				GCC_WARN_UNUSED_FUNCTION = YES;
				GCC_WARN_UNUSED_VARIABLE = YES;
				IPHONEOS_DEPLOYMENT_TARGET = 12.2;
				MTL_ENABLE_DEBUG_INFO = INCLUDE_SOURCE;
				MTL_FAST_MATH = YES;
				ONLY_ACTIVE_ARCH = YES;
				SDKROOT = iphoneos;
			};
			name = Debug;
		};
		021E37872293098F0045D1CA /* Release */ = {
			isa = XCBuildConfiguration;
			buildSettings = {
				ALWAYS_SEARCH_USER_PATHS = NO;
				CLANG_ANALYZER_NONNULL = YES;
				CLANG_ANALYZER_NUMBER_OBJECT_CONVERSION = YES_AGGRESSIVE;
				CLANG_CXX_LANGUAGE_STANDARD = "gnu++14";
				CLANG_CXX_LIBRARY = "libc++";
				CLANG_ENABLE_MODULES = YES;
				CLANG_ENABLE_OBJC_ARC = YES;
				CLANG_ENABLE_OBJC_WEAK = YES;
				CLANG_WARN_BLOCK_CAPTURE_AUTORELEASING = YES;
				CLANG_WARN_BOOL_CONVERSION = YES;
				CLANG_WARN_COMMA = YES;
				CLANG_WARN_CONSTANT_CONVERSION = YES;
				CLANG_WARN_DEPRECATED_OBJC_IMPLEMENTATIONS = YES;
				CLANG_WARN_DIRECT_OBJC_ISA_USAGE = YES_ERROR;
				CLANG_WARN_DOCUMENTATION_COMMENTS = YES;
				CLANG_WARN_EMPTY_BODY = YES;
				CLANG_WARN_ENUM_CONVERSION = YES;
				CLANG_WARN_INFINITE_RECURSION = YES;
				CLANG_WARN_INT_CONVERSION = YES;
				CLANG_WARN_NON_LITERAL_NULL_CONVERSION = YES;
				CLANG_WARN_OBJC_IMPLICIT_RETAIN_SELF = YES;
				CLANG_WARN_OBJC_LITERAL_CONVERSION = YES;
				CLANG_WARN_OBJC_ROOT_CLASS = YES_ERROR;
				CLANG_WARN_RANGE_LOOP_ANALYSIS = YES;
				CLANG_WARN_STRICT_PROTOTYPES = YES;
				CLANG_WARN_SUSPICIOUS_MOVE = YES;
				CLANG_WARN_UNGUARDED_AVAILABILITY = YES_AGGRESSIVE;
				CLANG_WARN_UNREACHABLE_CODE = YES;
				CLANG_WARN__DUPLICATE_METHOD_MATCH = YES;
				CODE_SIGN_IDENTITY = "iPhone Developer";
				COPY_PHASE_STRIP = NO;
				DEBUG_INFORMATION_FORMAT = "dwarf-with-dsym";
				ENABLE_NS_ASSERTIONS = NO;
				ENABLE_STRICT_OBJC_MSGSEND = YES;
				GCC_C_LANGUAGE_STANDARD = gnu11;
				GCC_NO_COMMON_BLOCKS = YES;
				GCC_WARN_64_TO_32_BIT_CONVERSION = YES;
				GCC_WARN_ABOUT_RETURN_TYPE = YES_ERROR;
				GCC_WARN_UNDECLARED_SELECTOR = YES;
				GCC_WARN_UNINITIALIZED_AUTOS = YES_AGGRESSIVE;
				GCC_WARN_UNUSED_FUNCTION = YES;
				GCC_WARN_UNUSED_VARIABLE = YES;
				IPHONEOS_DEPLOYMENT_TARGET = 12.2;
				MTL_ENABLE_DEBUG_INFO = NO;
				MTL_FAST_MATH = YES;
				SDKROOT = iphoneos;
				VALIDATE_PRODUCT = YES;
			};
			name = Release;
		};
		021E37892293098F0045D1CA /* Debug */ = {
			isa = XCBuildConfiguration;
			buildSettings = {
				ASSETCATALOG_COMPILER_APPICON_NAME = AppIcon;
				CODE_SIGN_STYLE = Automatic;
				INFOPLIST_FILE = "$(SRCROOT)/PlaylistC/Resources/Info.plist";
				LD_RUNPATH_SEARCH_PATHS = (
					"$(inherited)",
					"@executable_path/Frameworks",
				);
				PRODUCT_BUNDLE_IDENTIFIER = com.srussellh.PlaylistC;
				PRODUCT_NAME = "$(TARGET_NAME)";
				TARGETED_DEVICE_FAMILY = "1,2";
			};
			name = Debug;
		};
		021E378A2293098F0045D1CA /* Release */ = {
			isa = XCBuildConfiguration;
			buildSettings = {
				ASSETCATALOG_COMPILER_APPICON_NAME = AppIcon;
				CODE_SIGN_STYLE = Automatic;
				INFOPLIST_FILE = "$(SRCROOT)/PlaylistC/Resources/Info.plist";
				LD_RUNPATH_SEARCH_PATHS = (
					"$(inherited)",
					"@executable_path/Frameworks",
				);
				PRODUCT_BUNDLE_IDENTIFIER = com.srussellh.PlaylistC;
				PRODUCT_NAME = "$(TARGET_NAME)";
				TARGETED_DEVICE_FAMILY = "1,2";
			};
			name = Release;
		};
/* End XCBuildConfiguration section */

/* Begin XCConfigurationList section */
		021E376D2293098E0045D1CA /* Build configuration list for PBXProject "PlaylistC" */ = {
			isa = XCConfigurationList;
			buildConfigurations = (
				021E37862293098F0045D1CA /* Debug */,
				021E37872293098F0045D1CA /* Release */,
			);
			defaultConfigurationIsVisible = 0;
			defaultConfigurationName = Release;
		};
		021E37882293098F0045D1CA /* Build configuration list for PBXNativeTarget "PlaylistC" */ = {
			isa = XCConfigurationList;
			buildConfigurations = (
				021E37892293098F0045D1CA /* Debug */,
				021E378A2293098F0045D1CA /* Release */,
			);
			defaultConfigurationIsVisible = 0;
			defaultConfigurationName = Release;
		};
/* End XCConfigurationList section */
	};
	rootObject = 021E376A2293098E0045D1CA /* Project object */;
}
